
Microsoft Visual Studio Solution File, Format Version 12.00
# Visual Studio Version 17
VisualStudioVersion = 17.5.002.0
MinimumVisualStudioVersion = 10.0.40219.1
Project("{9A19103F-16F7-4668-BE54-9A1E7A4F7556}") = "Program", "Program\Program.csproj", "{5029F8C6-9C5D-46E5-B46E-D228F628B4DB}"
EndProject
Project("{9A19103F-16F7-4668-BE54-9A1E7A4F7556}") = "Library", "Library\Library.csproj", "{68724282-375A-495F-B397-6E849802FDF2}"
EndProject
Project("{FAE04EC0-301F-11D3-BF4B-00C04F79EFBC}") = "Library.Tests", "..\test\Library.Tests\Library.Tests.csproj", "{D60ACC7B-22C9-4BC3-83A8-75E9992BD674}"
EndProject
Global
	GlobalSection(SolutionConfigurationPlatforms) = preSolution
		Debug|Any CPU = Debug|Any CPU
		Release|Any CPU = Release|Any CPU
	EndGlobalSection
	GlobalSection(ProjectConfigurationPlatforms) = postSolution
		{5029F8C6-9C5D-46E5-B46E-D228F628B4DB}.Debug|Any CPU.ActiveCfg = Debug|Any CPU
		{5029F8C6-9C5D-46E5-B46E-D228F628B4DB}.Debug|Any CPU.Build.0 = Debug|Any CPU
		{5029F8C6-9C5D-46E5-B46E-D228F628B4DB}.Release|Any CPU.ActiveCfg = Release|Any CPU
		{5029F8C6-9C5D-46E5-B46E-D228F628B4DB}.Release|Any CPU.Build.0 = Release|Any CPU
		{68724282-375A-495F-B397-6E849802FDF2}.Debug|Any CPU.ActiveCfg = Debug|Any CPU
		{68724282-375A-495F-B397-6E849802FDF2}.Debug|Any CPU.Build.0 = Debug|Any CPU
		{68724282-375A-495F-B397-6E849802FDF2}.Release|Any CPU.ActiveCfg = Release|Any CPU
		{68724282-375A-495F-B397-6E849802FDF2}.Release|Any CPU.Build.0 = Release|Any CPU
		{D60ACC7B-22C9-4BC3-83A8-75E9992BD674}.Debug|Any CPU.ActiveCfg = Debug|Any CPU
		{D60ACC7B-22C9-4BC3-83A8-75E9992BD674}.Debug|Any CPU.Build.0 = Debug|Any CPU
		{D60ACC7B-22C9-4BC3-83A8-75E9992BD674}.Release|Any CPU.ActiveCfg = Release|Any CPU
		{D60ACC7B-22C9-4BC3-83A8-75E9992BD674}.Release|Any CPU.Build.0 = Release|Any CPU
	EndGlobalSection
	GlobalSection(SolutionProperties) = preSolution
		HideSolutionNode = FALSE
	EndGlobalSection
	GlobalSection(ExtensibilityGlobals) = postSolution
		SolutionGuid = {7AFD7909-EC4F-45A8-93DC-3651DDC7A796}
	EndGlobalSection
EndGlobal
